
Microsoft Visual Studio Solution File, Format Version 12.00
# Visual Studio Version 17
VisualStudioVersion = 17.0.32126.317
MinimumVisualStudioVersion = 10.0.40219.1
Project("{8BC9CEB8-8B4A-11D0-8D11-00A0C91BC942}") = "OOP2", "OOP2\OOP2.vcxproj", "{9D10B36F-9443-4F7D-88A7-9160626F901B}"
EndProject
Project("{8BC9CEB8-8B4A-11D0-8D11-00A0C91BC942}") = "OOP3", "OOP3\OOP3.vcxproj", "{FD359B29-6F01-42D7-9CC6-85517FEAC082}"
EndProject
Project("{8BC9CEB8-8B4A-11D0-8D11-00A0C91BC942}") = "Square", "Square\Square.vcxproj", "{82C02359-1450-410E-B671-18F83AC8A5B6}"
EndProject
Project("{8BC9CEB8-8B4A-11D0-8D11-00A0C91BC942}") = "OOP", "OOP\OOP.vcxproj", "{33E63F7F-52C0-4D2A-B95F-61415CAC3A3F}"
EndProject
Global
	GlobalSection(SolutionConfigurationPlatforms) = preSolution
		Debug|x64 = Debug|x64
		Debug|x86 = Debug|x86
		Release|x64 = Release|x64
		Release|x86 = Release|x86
	EndGlobalSection
	GlobalSection(ProjectConfigurationPlatforms) = postSolution
		{9D10B36F-9443-4F7D-88A7-9160626F901B}.Debug|x64.ActiveCfg = Debug|x64
		{9D10B36F-9443-4F7D-88A7-9160626F901B}.Debug|x64.Build.0 = Debug|x64
		{9D10B36F-9443-4F7D-88A7-9160626F901B}.Debug|x86.ActiveCfg = Debug|Win32
		{9D10B36F-9443-4F7D-88A7-9160626F901B}.Debug|x86.Build.0 = Debug|Win32
		{9D10B36F-9443-4F7D-88A7-9160626F901B}.Release|x64.ActiveCfg = Release|x64
		{9D10B36F-9443-4F7D-88A7-9160626F901B}.Release|x64.Build.0 = Release|x64
		{9D10B36F-9443-4F7D-88A7-9160626F901B}.Release|x86.ActiveCfg = Release|Win32
		{9D10B36F-9443-4F7D-88A7-9160626F901B}.Release|x86.Build.0 = Release|Win32
		{FD359B29-6F01-42D7-9CC6-85517FEAC082}.Debug|x64.ActiveCfg = Debug|x64
		{FD359B29-6F01-42D7-9CC6-85517FEAC082}.Debug|x64.Build.0 = Debug|x64
		{FD359B29-6F01-42D7-9CC6-85517FEAC082}.Debug|x86.ActiveCfg = Debug|Win32
		{FD359B29-6F01-42D7-9CC6-85517FEAC082}.Debug|x86.Build.0 = Debug|Win32
		{FD359B29-6F01-42D7-9CC6-85517FEAC082}.Release|x64.ActiveCfg = Release|x64
		{FD359B29-6F01-42D7-9CC6-85517FEAC082}.Release|x64.Build.0 = Release|x64
		{FD359B29-6F01-42D7-9CC6-85517FEAC082}.Release|x86.ActiveCfg = Release|Win32
		{FD359B29-6F01-42D7-9CC6-85517FEAC082}.Release|x86.Build.0 = Release|Win32
		{82C02359-1450-410E-B671-18F83AC8A5B6}.Debug|x64.ActiveCfg = Debug|x64
		{82C02359-1450-410E-B671-18F83AC8A5B6}.Debug|x64.Build.0 = Debug|x64
		{82C02359-1450-410E-B671-18F83AC8A5B6}.Debug|x86.ActiveCfg = Debug|Win32
		{82C02359-1450-410E-B671-18F83AC8A5B6}.Debug|x86.Build.0 = Debug|Win32
		{82C02359-1450-410E-B671-18F83AC8A5B6}.Release|x64.ActiveCfg = Release|x64
		{82C02359-1450-410E-B671-18F83AC8A5B6}.Release|x64.Build.0 = Release|x64
		{82C02359-1450-410E-B671-18F83AC8A5B6}.Release|x86.ActiveCfg = Release|Win32
		{82C02359-1450-410E-B671-18F83AC8A5B6}.Release|x86.Build.0 = Release|Win32
		{33E63F7F-52C0-4D2A-B95F-61415CAC3A3F}.Debug|x64.ActiveCfg = Debug|x64
		{33E63F7F-52C0-4D2A-B95F-61415CAC3A3F}.Debug|x64.Build.0 = Debug|x64
		{33E63F7F-52C0-4D2A-B95F-61415CAC3A3F}.Debug|x86.ActiveCfg = Debug|Win32
		{33E63F7F-52C0-4D2A-B95F-61415CAC3A3F}.Debug|x86.Build.0 = Debug|Win32
		{33E63F7F-52C0-4D2A-B95F-61415CAC3A3F}.Release|x64.ActiveCfg = Release|x64
		{33E63F7F-52C0-4D2A-B95F-61415CAC3A3F}.Release|x64.Build.0 = Release|x64
		{33E63F7F-52C0-4D2A-B95F-61415CAC3A3F}.Release|x86.ActiveCfg = Release|Win32
		{33E63F7F-52C0-4D2A-B95F-61415CAC3A3F}.Release|x86.Build.0 = Release|Win32
	EndGlobalSection
	GlobalSection(SolutionProperties) = preSolution
		HideSolutionNode = FALSE
	EndGlobalSection
	GlobalSection(ExtensibilityGlobals) = postSolution
		SolutionGuid = {83134F30-FCF3-4A9F-9BA3-A2D517167730}
	EndGlobalSection
EndGlobal
